
Microsoft Visual Studio Solution File, Format Version 12.00
# Visual Studio Version 17
VisualStudioVersion = 17.4.33103.184
MinimumVisualStudioVersion = 10.0.40219.1
Project("{9A19103F-16F7-4668-BE54-9A1E7A4F7556}") = "TCD0502BackEndCourse.Api", "TCD0502BackEndCourse.Api\TCD0502BackEndCourse.Api.csproj", "{F896A140-D7ED-4A1E-8563-DFF0AC21581A}"
EndProject
Project("{FAE04EC0-301F-11D3-BF4B-00C04F79EFBC}") = "TCD0502BackEndCourse.TestNinja", "TCD0502BackEndCourse.TestNinja\TCD0502BackEndCourse.TestNinja.csproj", "{00C3E7C6-068D-4F0C-854C-D812CCA69FEC}"
EndProject
Project("{FAE04EC0-301F-11D3-BF4B-00C04F79EFBC}") = "TCD0502BackEndCourse.UnitTests", "TCD0502BackEndCourse.UnitTests\TCD0502BackEndCourse.UnitTests.csproj", "{3AE7B423-D4EC-4213-BB25-46301FEA41BA}"
EndProject
Global
	GlobalSection(SolutionConfigurationPlatforms) = preSolution
		Debug|Any CPU = Debug|Any CPU
		Release|Any CPU = Release|Any CPU
	EndGlobalSection
	GlobalSection(ProjectConfigurationPlatforms) = postSolution
		{F896A140-D7ED-4A1E-8563-DFF0AC21581A}.Debug|Any CPU.ActiveCfg = Debug|Any CPU
		{F896A140-D7ED-4A1E-8563-DFF0AC21581A}.Debug|Any CPU.Build.0 = Debug|Any CPU
		{F896A140-D7ED-4A1E-8563-DFF0AC21581A}.Release|Any CPU.ActiveCfg = Release|Any CPU
		{F896A140-D7ED-4A1E-8563-DFF0AC21581A}.Release|Any CPU.Build.0 = Release|Any CPU
		{00C3E7C6-068D-4F0C-854C-D812CCA69FEC}.Debug|Any CPU.ActiveCfg = Debug|Any CPU
		{00C3E7C6-068D-4F0C-854C-D812CCA69FEC}.Debug|Any CPU.Build.0 = Debug|Any CPU
		{00C3E7C6-068D-4F0C-854C-D812CCA69FEC}.Release|Any CPU.ActiveCfg = Release|Any CPU
		{00C3E7C6-068D-4F0C-854C-D812CCA69FEC}.Release|Any CPU.Build.0 = Release|Any CPU
		{3AE7B423-D4EC-4213-BB25-46301FEA41BA}.Debug|Any CPU.ActiveCfg = Debug|Any CPU
		{3AE7B423-D4EC-4213-BB25-46301FEA41BA}.Debug|Any CPU.Build.0 = Debug|Any CPU
		{3AE7B423-D4EC-4213-BB25-46301FEA41BA}.Release|Any CPU.ActiveCfg = Release|Any CPU
		{3AE7B423-D4EC-4213-BB25-46301FEA41BA}.Release|Any CPU.Build.0 = Release|Any CPU
	EndGlobalSection
	GlobalSection(SolutionProperties) = preSolution
		HideSolutionNode = FALSE
	EndGlobalSection
	GlobalSection(ExtensibilityGlobals) = postSolution
		SolutionGuid = {02760081-EB95-4B00-830A-42B3996F6847}
	EndGlobalSection
EndGlobal
